
Microsoft Visual Studio Solution File, Format Version 12.00
# Visual Studio Version 17
VisualStudioVersion = 17.6.33815.320
MinimumVisualStudioVersion = 10.0.40219.1
Project("{8BC9CEB8-8B4A-11D0-8D11-00A0C91BC942}") = "STL", "STL\STL.vcxproj", "{7E614BC0-1B4B-4208-8D8D-16E8465DA218}"
EndProject
Project("{8BC9CEB8-8B4A-11D0-8D11-00A0C91BC942}") = "Exceptions", "Exceptions\Exceptions.vcxproj", "{5987468C-3E31-48F2-8399-EFD6A722FFDA}"
EndProject
Project("{8BC9CEB8-8B4A-11D0-8D11-00A0C91BC942}") = "AssociativeContainers", "AssociativeContainers\AssociativeContainers.vcxproj", "{006A4CBC-0B7D-4685-90D8-AD8B6EE43509}"
EndProject
Project("{8BC9CEB8-8B4A-11D0-8D11-00A0C91BC942}") = "police", "police\police.vcxproj", "{969B91C0-008F-4C26-9D85-A3CFAF1BE09F}"
EndProject
Global
	GlobalSection(SolutionConfigurationPlatforms) = preSolution
		Debug|x64 = Debug|x64
		Debug|x86 = Debug|x86
		Release|x64 = Release|x64
		Release|x86 = Release|x86
	EndGlobalSection
	GlobalSection(ProjectConfigurationPlatforms) = postSolution
		{7E614BC0-1B4B-4208-8D8D-16E8465DA218}.Debug|x64.ActiveCfg = Debug|x64
		{7E614BC0-1B4B-4208-8D8D-16E8465DA218}.Debug|x64.Build.0 = Debug|x64
		{7E614BC0-1B4B-4208-8D8D-16E8465DA218}.Debug|x86.ActiveCfg = Debug|Win32
		{7E614BC0-1B4B-4208-8D8D-16E8465DA218}.Debug|x86.Build.0 = Debug|Win32
		{7E614BC0-1B4B-4208-8D8D-16E8465DA218}.Release|x64.ActiveCfg = Release|x64
		{7E614BC0-1B4B-4208-8D8D-16E8465DA218}.Release|x64.Build.0 = Release|x64
		{7E614BC0-1B4B-4208-8D8D-16E8465DA218}.Release|x86.ActiveCfg = Release|Win32
		{7E614BC0-1B4B-4208-8D8D-16E8465DA218}.Release|x86.Build.0 = Release|Win32
		{5987468C-3E31-48F2-8399-EFD6A722FFDA}.Debug|x64.ActiveCfg = Debug|x64
		{5987468C-3E31-48F2-8399-EFD6A722FFDA}.Debug|x64.Build.0 = Debug|x64
		{5987468C-3E31-48F2-8399-EFD6A722FFDA}.Debug|x86.ActiveCfg = Debug|Win32
		{5987468C-3E31-48F2-8399-EFD6A722FFDA}.Debug|x86.Build.0 = Debug|Win32
		{5987468C-3E31-48F2-8399-EFD6A722FFDA}.Release|x64.ActiveCfg = Release|x64
		{5987468C-3E31-48F2-8399-EFD6A722FFDA}.Release|x64.Build.0 = Release|x64
		{5987468C-3E31-48F2-8399-EFD6A722FFDA}.Release|x86.ActiveCfg = Release|Win32
		{5987468C-3E31-48F2-8399-EFD6A722FFDA}.Release|x86.Build.0 = Release|Win32
		{006A4CBC-0B7D-4685-90D8-AD8B6EE43509}.Debug|x64.ActiveCfg = Debug|x64
		{006A4CBC-0B7D-4685-90D8-AD8B6EE43509}.Debug|x64.Build.0 = Debug|x64
		{006A4CBC-0B7D-4685-90D8-AD8B6EE43509}.Debug|x86.ActiveCfg = Debug|Win32
		{006A4CBC-0B7D-4685-90D8-AD8B6EE43509}.Debug|x86.Build.0 = Debug|Win32
		{006A4CBC-0B7D-4685-90D8-AD8B6EE43509}.Release|x64.ActiveCfg = Release|x64
		{006A4CBC-0B7D-4685-90D8-AD8B6EE43509}.Release|x64.Build.0 = Release|x64
		{006A4CBC-0B7D-4685-90D8-AD8B6EE43509}.Release|x86.ActiveCfg = Release|Win32
		{006A4CBC-0B7D-4685-90D8-AD8B6EE43509}.Release|x86.Build.0 = Release|Win32
		{969B91C0-008F-4C26-9D85-A3CFAF1BE09F}.Debug|x64.ActiveCfg = Debug|x64
		{969B91C0-008F-4C26-9D85-A3CFAF1BE09F}.Debug|x64.Build.0 = Debug|x64
		{969B91C0-008F-4C26-9D85-A3CFAF1BE09F}.Debug|x86.ActiveCfg = Debug|Win32
		{969B91C0-008F-4C26-9D85-A3CFAF1BE09F}.Debug|x86.Build.0 = Debug|Win32
		{969B91C0-008F-4C26-9D85-A3CFAF1BE09F}.Release|x64.ActiveCfg = Release|x64
		{969B91C0-008F-4C26-9D85-A3CFAF1BE09F}.Release|x64.Build.0 = Release|x64
		{969B91C0-008F-4C26-9D85-A3CFAF1BE09F}.Release|x86.ActiveCfg = Release|Win32
		{969B91C0-008F-4C26-9D85-A3CFAF1BE09F}.Release|x86.Build.0 = Release|Win32
	EndGlobalSection
	GlobalSection(SolutionProperties) = preSolution
		HideSolutionNode = FALSE
	EndGlobalSection
	GlobalSection(ExtensibilityGlobals) = postSolution
		SolutionGuid = {91ABC38F-C2CA-4FB2-A83E-59D4FB2B25D8}
	EndGlobalSection
EndGlobal
